{
  "name": "image-converter",
  "version": "1.0.0",
  "lockfileVersion": 1,
  "requires": true,
  "dependencies": {
    "fs": {
      "version": "0.0.1-security",
      "resolved": "https://registry.npmjs.org/fs/-/fs-0.0.1-security.tgz",
      "integrity": "sha1-invTcYa23d84E/I4WLV+yq9eQdQ="
    },
    "webp-converter": {
      "version": "2.2.3",
      "resolved": "https://registry.npmjs.org/webp-converter/-/webp-converter-2.2.3.tgz",
      "integrity": "sha512-ROjdJNNJlqYX5cDQ0XO7ae9AD9asmYAR2nX2Y7ix1SA/hsWbdEAoL61ApqOPvoGZHldHq+yOhmRYlrTNBBcAMA=="
    }
  }
}
